// !$*UTF8*$!
{
	archiveVersion = 1;
	classes = {
	};
	objectVersion = 56;
	objects = {

/* Begin PBXBuildFile section */
		A4C6ADED2ADA9729000B3AC4 /* AppDelegate.swift in Sources */ = {isa = PBXBuildFile; fileRef = A4C6ADEC2ADA9729000B3AC4 /* AppDelegate.swift */; };
		A4C6ADEF2ADA9729000B3AC4 /* SceneDelegate.swift in Sources */ = {isa = PBXBuildFile; fileRef = A4C6ADEE2ADA9729000B3AC4 /* SceneDelegate.swift */; };
		A4C6ADF12ADA9729000B3AC4 /* Anasayfa.swift in Sources */ = {isa = PBXBuildFile; fileRef = A4C6ADF02ADA9729000B3AC4 /* Anasayfa.swift */; };
		A4C6ADF42ADA9729000B3AC4 /* Main.storyboard in Resources */ = {isa = PBXBuildFile; fileRef = A4C6ADF22ADA9729000B3AC4 /* Main.storyboard */; };
		A4C6ADF62ADA972A000B3AC4 /* Assets.xcassets in Resources */ = {isa = PBXBuildFile; fileRef = A4C6ADF52ADA972A000B3AC4 /* Assets.xcassets */; };
		A4C6ADF92ADA972A000B3AC4 /* LaunchScreen.storyboard in Resources */ = {isa = PBXBuildFile; fileRef = A4C6ADF72ADA972A000B3AC4 /* LaunchScreen.storyboard */; };
		A4C6AE052ADA9889000B3AC4 /* KisiKayit.swift in Sources */ = {isa = PBXBuildFile; fileRef = A4C6AE042ADA9889000B3AC4 /* KisiKayit.swift */; };
		A4C6AE072ADA98A9000B3AC4 /* KisiDetay.swift in Sources */ = {isa = PBXBuildFile; fileRef = A4C6AE062ADA98A9000B3AC4 /* KisiDetay.swift */; };
		A4C6AE092ADA994F000B3AC4 /* Kisiler.swift in Sources */ = {isa = PBXBuildFile; fileRef = A4C6AE082ADA994F000B3AC4 /* Kisiler.swift */; };
		A4C6AE0C2ADAAE5F000B3AC4 /* KisilerHucre.swift in Sources */ = {isa = PBXBuildFile; fileRef = A4C6AE0B2ADAAE5F000B3AC4 /* KisilerHucre.swift */; };
/* End PBXBuildFile section */

/* Begin PBXFileReference section */
		A4C6ADE92ADA9729000B3AC4 /* KisilerUygulamasi.app */ = {isa = PBXFileReference; explicitFileType = wrapper.application; includeInIndex = 0; path = KisilerUygulamasi.app; sourceTree = BUILT_PRODUCTS_DIR; };
		A4C6ADEC2ADA9729000B3AC4 /* AppDelegate.swift */ = {isa = PBXFileReference; lastKnownFileType = sourcecode.swift; path = AppDelegate.swift; sourceTree = "<group>"; };
		A4C6ADEE2ADA9729000B3AC4 /* SceneDelegate.swift */ = {isa = PBXFileReference; lastKnownFileType = sourcecode.swift; path = SceneDelegate.swift; sourceTree = "<group>"; };
		A4C6ADF02ADA9729000B3AC4 /* Anasayfa.swift */ = {isa = PBXFileReference; lastKnownFileType = sourcecode.swift; path = Anasayfa.swift; sourceTree = "<group>"; };
		A4C6ADF32ADA9729000B3AC4 /* Base */ = {isa = PBXFileReference; lastKnownFileType = file.storyboard; name = Base; path = Base.lproj/Main.storyboard; sourceTree = "<group>"; };
		A4C6ADF52ADA972A000B3AC4 /* Assets.xcassets */ = {isa = PBXFileReference; lastKnownFileType = folder.assetcatalog; path = Assets.xcassets; sourceTree = "<group>"; };
		A4C6ADF82ADA972A000B3AC4 /* Base */ = {isa = PBXFileReference; lastKnownFileType = file.storyboard; name = Base; path = Base.lproj/LaunchScreen.storyboard; sourceTree = "<group>"; };
		A4C6ADFA2ADA972A000B3AC4 /* Info.plist */ = {isa = PBXFileReference; lastKnownFileType = text.plist.xml; path = Info.plist; sourceTree = "<group>"; };
		A4C6AE042ADA9889000B3AC4 /* KisiKayit.swift */ = {isa = PBXFileReference; lastKnownFileType = sourcecode.swift; path = KisiKayit.swift; sourceTree = "<group>"; };
		A4C6AE062ADA98A9000B3AC4 /* KisiDetay.swift */ = {isa = PBXFileReference; lastKnownFileType = sourcecode.swift; path = KisiDetay.swift; sourceTree = "<group>"; };
		A4C6AE082ADA994F000B3AC4 /* Kisiler.swift */ = {isa = PBXFileReference; lastKnownFileType = sourcecode.swift; path = Kisiler.swift; sourceTree = "<group>"; };
		A4C6AE0B2ADAAE5F000B3AC4 /* KisilerHucre.swift */ = {isa = PBXFileReference; lastKnownFileType = sourcecode.swift; path = KisilerHucre.swift; sourceTree = "<group>"; };
/* End PBXFileReference section */

/* Begin PBXFrameworksBuildPhase section */
		A4C6ADE62ADA9729000B3AC4 /* Frameworks */ = {
			isa = PBXFrameworksBuildPhase;
			buildActionMask = 2147483647;
			files = (
			);
			runOnlyForDeploymentPostprocessing = 0;
		};
/* End PBXFrameworksBuildPhase section */

/* Begin PBXGroup section */
		A4C6ADE02ADA9729000B3AC4 = {
			isa = PBXGroup;
			children = (
				A4C6ADEB2ADA9729000B3AC4 /* KisilerUygulamasi */,
				A4C6ADEA2ADA9729000B3AC4 /* Products */,
			);
			sourceTree = "<group>";
		};
		A4C6ADEA2ADA9729000B3AC4 /* Products */ = {
			isa = PBXGroup;
			children = (
				A4C6ADE92ADA9729000B3AC4 /* KisilerUygulamasi.app */,
			);
			name = Products;
			sourceTree = "<group>";
		};
		A4C6ADEB2ADA9729000B3AC4 /* KisilerUygulamasi */ = {
			isa = PBXGroup;
			children = (
				A4C6ADEC2ADA9729000B3AC4 /* AppDelegate.swift */,
				A4C6ADEE2ADA9729000B3AC4 /* SceneDelegate.swift */,
				A4C6AE012ADA976D000B3AC4 /* ui */,
				A4C6AE002ADA9765000B3AC4 /* data */,
				A4C6ADF22ADA9729000B3AC4 /* Main.storyboard */,
				A4C6ADF52ADA972A000B3AC4 /* Assets.xcassets */,
				A4C6ADF72ADA972A000B3AC4 /* LaunchScreen.storyboard */,
				A4C6ADFA2ADA972A000B3AC4 /* Info.plist */,
			);
			path = KisilerUygulamasi;
			sourceTree = "<group>";
		};
		A4C6AE002ADA9765000B3AC4 /* data */ = {
			isa = PBXGroup;
			children = (
				A4C6AE022ADA97A6000B3AC4 /* entity */,
			);
			path = data;
			sourceTree = "<group>";
		};
		A4C6AE012ADA976D000B3AC4 /* ui */ = {
			isa = PBXGroup;
			children = (
				A4C6AE0A2ADAAE48000B3AC4 /* tableview */,
				A4C6AE032ADA97AE000B3AC4 /* views */,
			);
			path = ui;
			sourceTree = "<group>";
		};
		A4C6AE022ADA97A6000B3AC4 /* entity */ = {
			isa = PBXGroup;
			children = (
				A4C6AE082ADA994F000B3AC4 /* Kisiler.swift */,
			);
			path = entity;
			sourceTree = "<group>";
		};
		A4C6AE032ADA97AE000B3AC4 /* views */ = {
			isa = PBXGroup;
			children = (
				A4C6ADF02ADA9729000B3AC4 /* Anasayfa.swift */,
				A4C6AE042ADA9889000B3AC4 /* KisiKayit.swift */,
				A4C6AE062ADA98A9000B3AC4 /* KisiDetay.swift */,
			);
			path = views;
			sourceTree = "<group>";
		};
		A4C6AE0A2ADAAE48000B3AC4 /* tableview */ = {
			isa = PBXGroup;
			children = (
				A4C6AE0B2ADAAE5F000B3AC4 /* KisilerHucre.swift */,
			);
			path = tableview;
			sourceTree = "<group>";
		};
/* End PBXGroup section */

/* Begin PBXNativeTarget section */
		A4C6ADE82ADA9729000B3AC4 /* KisilerUygulamasi */ = {
			isa = PBXNativeTarget;
			buildConfigurationList = A4C6ADFD2ADA972A000B3AC4 /* Build configuration list for PBXNativeTarget "KisilerUygulamasi" */;
			buildPhases = (
				A4C6ADE52ADA9729000B3AC4 /* Sources */,
				A4C6ADE62ADA9729000B3AC4 /* Frameworks */,
				A4C6ADE72ADA9729000B3AC4 /* Resources */,
			);
			buildRules = (
			);
			dependencies = (
			);
			name = KisilerUygulamasi;
			productName = KisilerUygulamasi;
			productReference = A4C6ADE92ADA9729000B3AC4 /* KisilerUygulamasi.app */;
			productType = "com.apple.product-type.application";
		};
/* End PBXNativeTarget section */

/* Begin PBXProject section */
		A4C6ADE12ADA9729000B3AC4 /* Project object */ = {
			isa = PBXProject;
			attributes = {
				BuildIndependentTargetsInParallel = 1;
				LastSwiftUpdateCheck = 1500;
				LastUpgradeCheck = 1500;
				TargetAttributes = {
					A4C6ADE82ADA9729000B3AC4 = {
						CreatedOnToolsVersion = 15.0;
					};
				};
			};
			buildConfigurationList = A4C6ADE42ADA9729000B3AC4 /* Build configuration list for PBXProject "KisilerUygulamasi" */;
			compatibilityVersion = "Xcode 14.0";
			developmentRegion = en;
			hasScannedForEncodings = 0;
			knownRegions = (
				en,
				Base,
			);
			mainGroup = A4C6ADE02ADA9729000B3AC4;
			productRefGroup = A4C6ADEA2ADA9729000B3AC4 /* Products */;
			projectDirPath = "";
			projectRoot = "";
			targets = (
				A4C6ADE82ADA9729000B3AC4 /* KisilerUygulamasi */,
			);
		};
/* End PBXProject section */

/* Begin PBXResourcesBuildPhase section */
		A4C6ADE72ADA9729000B3AC4 /* Resources */ = {
			isa = PBXResourcesBuildPhase;
			buildActionMask = 2147483647;
			files = (
				A4C6ADF92ADA972A000B3AC4 /* LaunchScreen.storyboard in Resources */,
				A4C6ADF62ADA972A000B3AC4 /* Assets.xcassets in Resources */,
				A4C6ADF42ADA9729000B3AC4 /* Main.storyboard in Resources */,
			);
			runOnlyForDeploymentPostprocessing = 0;
		};
/* End PBXResourcesBuildPhase section */

/* Begin PBXSourcesBuildPhase section */
		A4C6ADE52ADA9729000B3AC4 /* Sources */ = {
			isa = PBXSourcesBuildPhase;
			buildActionMask = 2147483647;
			files = (
				A4C6AE052ADA9889000B3AC4 /* KisiKayit.swift in Sources */,
				A4C6AE0C2ADAAE5F000B3AC4 /* KisilerHucre.swift in Sources */,
				A4C6AE072ADA98A9000B3AC4 /* KisiDetay.swift in Sources */,
				A4C6ADF12ADA9729000B3AC4 /* Anasayfa.swift in Sources */,
				A4C6ADED2ADA9729000B3AC4 /* AppDelegate.swift in Sources */,
				A4C6ADEF2ADA9729000B3AC4 /* SceneDelegate.swift in Sources */,
				A4C6AE092ADA994F000B3AC4 /* Kisiler.swift in Sources */,
			);
			runOnlyForDeploymentPostprocessing = 0;
		};
/* End PBXSourcesBuildPhase section */

/* Begin PBXVariantGroup section */
		A4C6ADF22ADA9729000B3AC4 /* Main.storyboard */ = {
			isa = PBXVariantGroup;
			children = (
				A4C6ADF32ADA9729000B3AC4 /* Base */,
			);
			name = Main.storyboard;
			sourceTree = "<group>";
		};
		A4C6ADF72ADA972A000B3AC4 /* LaunchScreen.storyboard */ = {
			isa = PBXVariantGroup;
			children = (
				A4C6ADF82ADA972A000B3AC4 /* Base */,
			);
			name = LaunchScreen.storyboard;
			sourceTree = "<group>";
		};
/* End PBXVariantGroup section */

/* Begin XCBuildConfiguration section */
		A4C6ADFB2ADA972A000B3AC4 /* Debug */ = {
			isa = XCBuildConfiguration;
			buildSettings = {
				ALWAYS_SEARCH_USER_PATHS = NO;
				ASSETCATALOG_COMPILER_GENERATE_SWIFT_ASSET_SYMBOL_EXTENSIONS = YES;
				CLANG_ANALYZER_NONNULL = YES;
				CLANG_ANALYZER_NUMBER_OBJECT_CONVERSION = YES_AGGRESSIVE;
				CLANG_CXX_LANGUAGE_STANDARD = "gnu++20";
				CLANG_ENABLE_MODULES = YES;
				CLANG_ENABLE_OBJC_ARC = YES;
				CLANG_ENABLE_OBJC_WEAK = YES;
				CLANG_WARN_BLOCK_CAPTURE_AUTORELEASING = YES;
				CLANG_WARN_BOOL_CONVERSION = YES;
				CLANG_WARN_COMMA = YES;
				CLANG_WARN_CONSTANT_CONVERSION = YES;
				CLANG_WARN_DEPRECATED_OBJC_IMPLEMENTATIONS = YES;
				CLANG_WARN_DIRECT_OBJC_ISA_USAGE = YES_ERROR;
				CLANG_WARN_DOCUMENTATION_COMMENTS = YES;
				CLANG_WARN_EMPTY_BODY = YES;
				CLANG_WARN_ENUM_CONVERSION = YES;
				CLANG_WARN_INFINITE_RECURSION = YES;
				CLANG_WARN_INT_CONVERSION = YES;
				CLANG_WARN_NON_LITERAL_NULL_CONVERSION = YES;
				CLANG_WARN_OBJC_IMPLICIT_RETAIN_SELF = YES;
				CLANG_WARN_OBJC_LITERAL_CONVERSION = YES;
				CLANG_WARN_OBJC_ROOT_CLASS = YES_ERROR;
				CLANG_WARN_QUOTED_INCLUDE_IN_FRAMEWORK_HEADER = YES;
				CLANG_WARN_RANGE_LOOP_ANALYSIS = YES;
				CLANG_WARN_STRICT_PROTOTYPES = YES;
				CLANG_WARN_SUSPICIOUS_MOVE = YES;
				CLANG_WARN_UNGUARDED_AVAILABILITY = YES_AGGRESSIVE;
				CLANG_WARN_UNREACHABLE_CODE = YES;
				CLANG_WARN__DUPLICATE_METHOD_MATCH = YES;
				COPY_PHASE_STRIP = NO;
				DEBUG_INFORMATION_FORMAT = dwarf;
				ENABLE_STRICT_OBJC_MSGSEND = YES;
				ENABLE_TESTABILITY = YES;
				ENABLE_USER_SCRIPT_SANDBOXING = YES;
				GCC_C_LANGUAGE_STANDARD = gnu17;
				GCC_DYNAMIC_NO_PIC = NO;
				GCC_NO_COMMON_BLOCKS = YES;
				GCC_OPTIMIZATION_LEVEL = 0;
				GCC_PREPROCESSOR_DEFINITIONS = (
					"DEBUG=1",
					"$(inherited)",
				);
				GCC_WARN_64_TO_32_BIT_CONVERSION = YES;
				GCC_WARN_ABOUT_RETURN_TYPE = YES_ERROR;
				GCC_WARN_UNDECLARED_SELECTOR = YES;
				GCC_WARN_UNINITIALIZED_AUTOS = YES_AGGRESSIVE;
				GCC_WARN_UNUSED_FUNCTION = YES;
				GCC_WARN_UNUSED_VARIABLE = YES;
				IPHONEOS_DEPLOYMENT_TARGET = 17.0;
				LOCALIZATION_PREFERS_STRING_CATALOGS = YES;
				MTL_ENABLE_DEBUG_INFO = INCLUDE_SOURCE;
				MTL_FAST_MATH = YES;
				ONLY_ACTIVE_ARCH = YES;
				SDKROOT = iphoneos;
				SWIFT_ACTIVE_COMPILATION_CONDITIONS = "DEBUG $(inherited)";
				SWIFT_OPTIMIZATION_LEVEL = "-Onone";
			};
			name = Debug;
		};
		A4C6ADFC2ADA972A000B3AC4 /* Release */ = {
			isa = XCBuildConfiguration;
			buildSettings = {
				ALWAYS_SEARCH_USER_PATHS = NO;
				ASSETCATALOG_COMPILER_GENERATE_SWIFT_ASSET_SYMBOL_EXTENSIONS = YES;
				CLANG_ANALYZER_NONNULL = YES;
				CLANG_ANALYZER_NUMBER_OBJECT_CONVERSION = YES_AGGRESSIVE;
				CLANG_CXX_LANGUAGE_STANDARD = "gnu++20";
				CLANG_ENABLE_MODULES = YES;
				CLANG_ENABLE_OBJC_ARC = YES;
				CLANG_ENABLE_OBJC_WEAK = YES;
				CLANG_WARN_BLOCK_CAPTURE_AUTORELEASING = YES;
				CLANG_WARN_BOOL_CONVERSION = YES;
				CLANG_WARN_COMMA = YES;
				CLANG_WARN_CONSTANT_CONVERSION = YES;
				CLANG_WARN_DEPRECATED_OBJC_IMPLEMENTATIONS = YES;
				CLANG_WARN_DIRECT_OBJC_ISA_USAGE = YES_ERROR;
				CLANG_WARN_DOCUMENTATION_COMMENTS = YES;
				CLANG_WARN_EMPTY_BODY = YES;
				CLANG_WARN_ENUM_CONVERSION = YES;
				CLANG_WARN_INFINITE_RECURSION = YES;
				CLANG_WARN_INT_CONVERSION = YES;
				CLANG_WARN_NON_LITERAL_NULL_CONVERSION = YES;
				CLANG_WARN_OBJC_IMPLICIT_RETAIN_SELF = YES;
				CLANG_WARN_OBJC_LITERAL_CONVERSION = YES;
				CLANG_WARN_OBJC_ROOT_CLASS = YES_ERROR;
				CLANG_WARN_QUOTED_INCLUDE_IN_FRAMEWORK_HEADER = YES;
				CLANG_WARN_RANGE_LOOP_ANALYSIS = YES;
				CLANG_WARN_STRICT_PROTOTYPES = YES;
				CLANG_WARN_SUSPICIOUS_MOVE = YES;
				CLANG_WARN_UNGUARDED_AVAILABILITY = YES_AGGRESSIVE;
				CLANG_WARN_UNREACHABLE_CODE = YES;
				CLANG_WARN__DUPLICATE_METHOD_MATCH = YES;
				COPY_PHASE_STRIP = NO;
				DEBUG_INFORMATION_FORMAT = "dwarf-with-dsym";
				ENABLE_NS_ASSERTIONS = NO;
				ENABLE_STRICT_OBJC_MSGSEND = YES;
				ENABLE_USER_SCRIPT_SANDBOXING = YES;
				GCC_C_LANGUAGE_STANDARD = gnu17;
				GCC_NO_COMMON_BLOCKS = YES;
				GCC_WARN_64_TO_32_BIT_CONVERSION = YES;
				GCC_WARN_ABOUT_RETURN_TYPE = YES_ERROR;
				GCC_WARN_UNDECLARED_SELECTOR = YES;
				GCC_WARN_UNINITIALIZED_AUTOS = YES_AGGRESSIVE;
				GCC_WARN_UNUSED_FUNCTION = YES;
				GCC_WARN_UNUSED_VARIABLE = YES;
				IPHONEOS_DEPLOYMENT_TARGET = 17.0;
				LOCALIZATION_PREFERS_STRING_CATALOGS = YES;
				MTL_ENABLE_DEBUG_INFO = NO;
				MTL_FAST_MATH = YES;
				SDKROOT = iphoneos;
				SWIFT_COMPILATION_MODE = wholemodule;
				VALIDATE_PRODUCT = YES;
			};
			name = Release;
		};
		A4C6ADFE2ADA972A000B3AC4 /* Debug */ = {
			isa = XCBuildConfiguration;
			buildSettings = {
				ASSETCATALOG_COMPILER_APPICON_NAME = AppIcon;
				ASSETCATALOG_COMPILER_GLOBAL_ACCENT_COLOR_NAME = AccentColor;
				CODE_SIGN_STYLE = Automatic;
				CURRENT_PROJECT_VERSION = 1;
				DEVELOPMENT_TEAM = 8WAJ4W835K;
				GENERATE_INFOPLIST_FILE = YES;
				INFOPLIST_FILE = KisilerUygulamasi/Info.plist;
				INFOPLIST_KEY_UIApplicationSupportsIndirectInputEvents = YES;
				INFOPLIST_KEY_UILaunchStoryboardName = LaunchScreen;
				INFOPLIST_KEY_UIMainStoryboardFile = Main;
				INFOPLIST_KEY_UISupportedInterfaceOrientations_iPad = "UIInterfaceOrientationPortrait UIInterfaceOrientationPortraitUpsideDown UIInterfaceOrientationLandscapeLeft UIInterfaceOrientationLandscapeRight";
				INFOPLIST_KEY_UISupportedInterfaceOrientations_iPhone = "UIInterfaceOrientationPortrait UIInterfaceOrientationLandscapeLeft UIInterfaceOrientationLandscapeRight";
				LD_RUNPATH_SEARCH_PATHS = (
					"$(inherited)",
					"@executable_path/Frameworks",
				);
				MARKETING_VERSION = 1.0;
				PRODUCT_BUNDLE_IDENTIFIER = com.omercakar.KisilerUygulamasi;
				PRODUCT_NAME = "$(TARGET_NAME)";
				SWIFT_EMIT_LOC_STRINGS = YES;
				SWIFT_VERSION = 5.0;
				TARGETED_DEVICE_FAMILY = "1,2";
			};
			name = Debug;
		};
		A4C6ADFF2ADA972A000B3AC4 /* Release */ = {
			isa = XCBuildConfiguration;
			buildSettings = {
				ASSETCATALOG_COMPILER_APPICON_NAME = AppIcon;
				ASSETCATALOG_COMPILER_GLOBAL_ACCENT_COLOR_NAME = AccentColor;
				CODE_SIGN_STYLE = Automatic;
				CURRENT_PROJECT_VERSION = 1;
				DEVELOPMENT_TEAM = 8WAJ4W835K;
				GENERATE_INFOPLIST_FILE = YES;
				INFOPLIST_FILE = KisilerUygulamasi/Info.plist;
				INFOPLIST_KEY_UIApplicationSupportsIndirectInputEvents = YES;
				INFOPLIST_KEY_UILaunchStoryboardName = LaunchScreen;
				INFOPLIST_KEY_UIMainStoryboardFile = Main;
				INFOPLIST_KEY_UISupportedInterfaceOrientations_iPad = "UIInterfaceOrientationPortrait UIInterfaceOrientationPortraitUpsideDown UIInterfaceOrientationLandscapeLeft UIInterfaceOrientationLandscapeRight";
				INFOPLIST_KEY_UISupportedInterfaceOrientations_iPhone = "UIInterfaceOrientationPortrait UIInterfaceOrientationLandscapeLeft UIInterfaceOrientationLandscapeRight";
				LD_RUNPATH_SEARCH_PATHS = (
					"$(inherited)",
					"@executable_path/Frameworks",
				);
				MARKETING_VERSION = 1.0;
				PRODUCT_BUNDLE_IDENTIFIER = com.omercakar.KisilerUygulamasi;
				PRODUCT_NAME = "$(TARGET_NAME)";
				SWIFT_EMIT_LOC_STRINGS = YES;
				SWIFT_VERSION = 5.0;
				TARGETED_DEVICE_FAMILY = "1,2";
			};
			name = Release;
		};
/* End XCBuildConfiguration section */

/* Begin XCConfigurationList section */
		A4C6ADE42ADA9729000B3AC4 /* Build configuration list for PBXProject "KisilerUygulamasi" */ = {
			isa = XCConfigurationList;
			buildConfigurations = (
				A4C6ADFB2ADA972A000B3AC4 /* Debug */,
				A4C6ADFC2ADA972A000B3AC4 /* Release */,
			);
			defaultConfigurationIsVisible = 0;
			defaultConfigurationName = Release;
		};
		A4C6ADFD2ADA972A000B3AC4 /* Build configuration list for PBXNativeTarget "KisilerUygulamasi" */ = {
			isa = XCConfigurationList;
			buildConfigurations = (
				A4C6ADFE2ADA972A000B3AC4 /* Debug */,
				A4C6ADFF2ADA972A000B3AC4 /* Release */,
			);
			defaultConfigurationIsVisible = 0;
			defaultConfigurationName = Release;
		};
/* End XCConfigurationList section */
	};
	rootObject = A4C6ADE12ADA9729000B3AC4 /* Project object */;
}
