// !$*UTF8*$!
{
	archiveVersion = 1;
	classes = {
	};
	objectVersion = 56;
	objects = {

/* Begin PBXBuildFile section */
		A42E308D2AD3CAFC0096D7DE /* AppDelegate.swift in Sources */ = {isa = PBXBuildFile; fileRef = A42E308C2AD3CAFC0096D7DE /* AppDelegate.swift */; };
		A42E308F2AD3CAFC0096D7DE /* SceneDelegate.swift in Sources */ = {isa = PBXBuildFile; fileRef = A42E308E2AD3CAFC0096D7DE /* SceneDelegate.swift */; };
		A42E30912AD3CAFC0096D7DE /* ViewController.swift in Sources */ = {isa = PBXBuildFile; fileRef = A42E30902AD3CAFC0096D7DE /* ViewController.swift */; };
		A42E30942AD3CAFC0096D7DE /* Main.storyboard in Resources */ = {isa = PBXBuildFile; fileRef = A42E30922AD3CAFC0096D7DE /* Main.storyboard */; };
		A42E30962AD3CAFD0096D7DE /* Assets.xcassets in Resources */ = {isa = PBXBuildFile; fileRef = A42E30952AD3CAFD0096D7DE /* Assets.xcassets */; };
		A42E30992AD3CAFD0096D7DE /* LaunchScreen.storyboard in Resources */ = {isa = PBXBuildFile; fileRef = A42E30972AD3CAFD0096D7DE /* LaunchScreen.storyboard */; };
		A42E30A22AD3CED00096D7DE /* YoungSerif-Regular.ttf in Resources */ = {isa = PBXBuildFile; fileRef = A42E30A12AD3CED00096D7DE /* YoungSerif-Regular.ttf */; };
/* End PBXBuildFile section */

/* Begin PBXFileReference section */
		A42E30892AD3CAFC0096D7DE /* Odev3.app */ = {isa = PBXFileReference; explicitFileType = wrapper.application; includeInIndex = 0; path = Odev3.app; sourceTree = BUILT_PRODUCTS_DIR; };
		A42E308C2AD3CAFC0096D7DE /* AppDelegate.swift */ = {isa = PBXFileReference; lastKnownFileType = sourcecode.swift; path = AppDelegate.swift; sourceTree = "<group>"; };
		A42E308E2AD3CAFC0096D7DE /* SceneDelegate.swift */ = {isa = PBXFileReference; lastKnownFileType = sourcecode.swift; path = SceneDelegate.swift; sourceTree = "<group>"; };
		A42E30902AD3CAFC0096D7DE /* ViewController.swift */ = {isa = PBXFileReference; lastKnownFileType = sourcecode.swift; path = ViewController.swift; sourceTree = "<group>"; };
		A42E30932AD3CAFC0096D7DE /* Base */ = {isa = PBXFileReference; lastKnownFileType = file.storyboard; name = Base; path = Base.lproj/Main.storyboard; sourceTree = "<group>"; };
		A42E30952AD3CAFD0096D7DE /* Assets.xcassets */ = {isa = PBXFileReference; lastKnownFileType = folder.assetcatalog; path = Assets.xcassets; sourceTree = "<group>"; };
		A42E30982AD3CAFD0096D7DE /* Base */ = {isa = PBXFileReference; lastKnownFileType = file.storyboard; name = Base; path = Base.lproj/LaunchScreen.storyboard; sourceTree = "<group>"; };
		A42E309A2AD3CAFD0096D7DE /* Info.plist */ = {isa = PBXFileReference; lastKnownFileType = text.plist.xml; path = Info.plist; sourceTree = "<group>"; };
		A42E30A12AD3CED00096D7DE /* YoungSerif-Regular.ttf */ = {isa = PBXFileReference; lastKnownFileType = file; path = "YoungSerif-Regular.ttf"; sourceTree = "<group>"; };
		A42E30A32AD3E0ED0096D7DE /* tr */ = {isa = PBXFileReference; lastKnownFileType = text.plist.strings; name = tr; path = tr.lproj/Main.strings; sourceTree = "<group>"; };
		A42E30A42AD3E0ED0096D7DE /* tr */ = {isa = PBXFileReference; lastKnownFileType = text.plist.strings; name = tr; path = tr.lproj/LaunchScreen.strings; sourceTree = "<group>"; };
/* End PBXFileReference section */

/* Begin PBXFrameworksBuildPhase section */
		A42E30862AD3CAFC0096D7DE /* Frameworks */ = {
			isa = PBXFrameworksBuildPhase;
			buildActionMask = 2147483647;
			files = (
			);
			runOnlyForDeploymentPostprocessing = 0;
		};
/* End PBXFrameworksBuildPhase section */

/* Begin PBXGroup section */
		A42E30802AD3CAFC0096D7DE = {
			isa = PBXGroup;
			children = (
				A42E308B2AD3CAFC0096D7DE /* Odev3 */,
				A42E308A2AD3CAFC0096D7DE /* Products */,
			);
			sourceTree = "<group>";
		};
		A42E308A2AD3CAFC0096D7DE /* Products */ = {
			isa = PBXGroup;
			children = (
				A42E30892AD3CAFC0096D7DE /* Odev3.app */,
			);
			name = Products;
			sourceTree = "<group>";
		};
		A42E308B2AD3CAFC0096D7DE /* Odev3 */ = {
			isa = PBXGroup;
			children = (
				A42E308C2AD3CAFC0096D7DE /* AppDelegate.swift */,
				A42E308E2AD3CAFC0096D7DE /* SceneDelegate.swift */,
				A42E30902AD3CAFC0096D7DE /* ViewController.swift */,
				A42E30A02AD3CEBC0096D7DE /* Fonts */,
				A42E30922AD3CAFC0096D7DE /* Main.storyboard */,
				A42E30952AD3CAFD0096D7DE /* Assets.xcassets */,
				A42E30972AD3CAFD0096D7DE /* LaunchScreen.storyboard */,
				A42E309A2AD3CAFD0096D7DE /* Info.plist */,
			);
			path = Odev3;
			sourceTree = "<group>";
		};
		A42E30A02AD3CEBC0096D7DE /* Fonts */ = {
			isa = PBXGroup;
			children = (
				A42E30A12AD3CED00096D7DE /* YoungSerif-Regular.ttf */,
			);
			path = Fonts;
			sourceTree = "<group>";
		};
/* End PBXGroup section */

/* Begin PBXNativeTarget section */
		A42E30882AD3CAFC0096D7DE /* Odev3 */ = {
			isa = PBXNativeTarget;
			buildConfigurationList = A42E309D2AD3CAFD0096D7DE /* Build configuration list for PBXNativeTarget "Odev3" */;
			buildPhases = (
				A42E30852AD3CAFC0096D7DE /* Sources */,
				A42E30862AD3CAFC0096D7DE /* Frameworks */,
				A42E30872AD3CAFC0096D7DE /* Resources */,
			);
			buildRules = (
			);
			dependencies = (
			);
			name = Odev3;
			productName = Odev3;
			productReference = A42E30892AD3CAFC0096D7DE /* Odev3.app */;
			productType = "com.apple.product-type.application";
		};
/* End PBXNativeTarget section */

/* Begin PBXProject section */
		A42E30812AD3CAFC0096D7DE /* Project object */ = {
			isa = PBXProject;
			attributes = {
				BuildIndependentTargetsInParallel = 1;
				LastSwiftUpdateCheck = 1500;
				LastUpgradeCheck = 1500;
				TargetAttributes = {
					A42E30882AD3CAFC0096D7DE = {
						CreatedOnToolsVersion = 15.0;
					};
				};
			};
			buildConfigurationList = A42E30842AD3CAFC0096D7DE /* Build configuration list for PBXProject "Odev3" */;
			compatibilityVersion = "Xcode 14.0";
			developmentRegion = en;
			hasScannedForEncodings = 0;
			knownRegions = (
				en,
				Base,
				tr,
			);
			mainGroup = A42E30802AD3CAFC0096D7DE;
			productRefGroup = A42E308A2AD3CAFC0096D7DE /* Products */;
			projectDirPath = "";
			projectRoot = "";
			targets = (
				A42E30882AD3CAFC0096D7DE /* Odev3 */,
			);
		};
/* End PBXProject section */

/* Begin PBXResourcesBuildPhase section */
		A42E30872AD3CAFC0096D7DE /* Resources */ = {
			isa = PBXResourcesBuildPhase;
			buildActionMask = 2147483647;
			files = (
				A42E30A22AD3CED00096D7DE /* YoungSerif-Regular.ttf in Resources */,
				A42E30992AD3CAFD0096D7DE /* LaunchScreen.storyboard in Resources */,
				A42E30962AD3CAFD0096D7DE /* Assets.xcassets in Resources */,
				A42E30942AD3CAFC0096D7DE /* Main.storyboard in Resources */,
			);
			runOnlyForDeploymentPostprocessing = 0;
		};
/* End PBXResourcesBuildPhase section */

/* Begin PBXSourcesBuildPhase section */
		A42E30852AD3CAFC0096D7DE /* Sources */ = {
			isa = PBXSourcesBuildPhase;
			buildActionMask = 2147483647;
			files = (
				A42E30912AD3CAFC0096D7DE /* ViewController.swift in Sources */,
				A42E308D2AD3CAFC0096D7DE /* AppDelegate.swift in Sources */,
				A42E308F2AD3CAFC0096D7DE /* SceneDelegate.swift in Sources */,
			);
			runOnlyForDeploymentPostprocessing = 0;
		};
/* End PBXSourcesBuildPhase section */

/* Begin PBXVariantGroup section */
		A42E30922AD3CAFC0096D7DE /* Main.storyboard */ = {
			isa = PBXVariantGroup;
			children = (
				A42E30932AD3CAFC0096D7DE /* Base */,
				A42E30A32AD3E0ED0096D7DE /* tr */,
			);
			name = Main.storyboard;
			sourceTree = "<group>";
		};
		A42E30972AD3CAFD0096D7DE /* LaunchScreen.storyboard */ = {
			isa = PBXVariantGroup;
			children = (
				A42E30982AD3CAFD0096D7DE /* Base */,
				A42E30A42AD3E0ED0096D7DE /* tr */,
			);
			name = LaunchScreen.storyboard;
			sourceTree = "<group>";
		};
/* End PBXVariantGroup section */

/* Begin XCBuildConfiguration section */
		A42E309B2AD3CAFD0096D7DE /* Debug */ = {
			isa = XCBuildConfiguration;
			buildSettings = {
				ALWAYS_SEARCH_USER_PATHS = NO;
				ASSETCATALOG_COMPILER_GENERATE_SWIFT_ASSET_SYMBOL_EXTENSIONS = YES;
				CLANG_ANALYZER_LOCALIZABILITY_NONLOCALIZED = YES;
				CLANG_ANALYZER_NONNULL = YES;
				CLANG_ANALYZER_NUMBER_OBJECT_CONVERSION = YES_AGGRESSIVE;
				CLANG_CXX_LANGUAGE_STANDARD = "gnu++20";
				CLANG_ENABLE_MODULES = YES;
				CLANG_ENABLE_OBJC_ARC = YES;
				CLANG_ENABLE_OBJC_WEAK = YES;
				CLANG_WARN_BLOCK_CAPTURE_AUTORELEASING = YES;
				CLANG_WARN_BOOL_CONVERSION = YES;
				CLANG_WARN_COMMA = YES;
				CLANG_WARN_CONSTANT_CONVERSION = YES;
				CLANG_WARN_DEPRECATED_OBJC_IMPLEMENTATIONS = YES;
				CLANG_WARN_DIRECT_OBJC_ISA_USAGE = YES_ERROR;
				CLANG_WARN_DOCUMENTATION_COMMENTS = YES;
				CLANG_WARN_EMPTY_BODY = YES;
				CLANG_WARN_ENUM_CONVERSION = YES;
				CLANG_WARN_INFINITE_RECURSION = YES;
				CLANG_WARN_INT_CONVERSION = YES;
				CLANG_WARN_NON_LITERAL_NULL_CONVERSION = YES;
				CLANG_WARN_OBJC_IMPLICIT_RETAIN_SELF = YES;
				CLANG_WARN_OBJC_LITERAL_CONVERSION = YES;
				CLANG_WARN_OBJC_ROOT_CLASS = YES_ERROR;
				CLANG_WARN_QUOTED_INCLUDE_IN_FRAMEWORK_HEADER = YES;
				CLANG_WARN_RANGE_LOOP_ANALYSIS = YES;
				CLANG_WARN_STRICT_PROTOTYPES = YES;
				CLANG_WARN_SUSPICIOUS_MOVE = YES;
				CLANG_WARN_UNGUARDED_AVAILABILITY = YES_AGGRESSIVE;
				CLANG_WARN_UNREACHABLE_CODE = YES;
				CLANG_WARN__DUPLICATE_METHOD_MATCH = YES;
				COPY_PHASE_STRIP = NO;
				DEBUG_INFORMATION_FORMAT = dwarf;
				ENABLE_STRICT_OBJC_MSGSEND = YES;
				ENABLE_TESTABILITY = YES;
				ENABLE_USER_SCRIPT_SANDBOXING = YES;
				GCC_C_LANGUAGE_STANDARD = gnu17;
				GCC_DYNAMIC_NO_PIC = NO;
				GCC_NO_COMMON_BLOCKS = YES;
				GCC_OPTIMIZATION_LEVEL = 0;
				GCC_PREPROCESSOR_DEFINITIONS = (
					"DEBUG=1",
					"$(inherited)",
				);
				GCC_WARN_64_TO_32_BIT_CONVERSION = YES;
				GCC_WARN_ABOUT_RETURN_TYPE = YES_ERROR;
				GCC_WARN_UNDECLARED_SELECTOR = YES;
				GCC_WARN_UNINITIALIZED_AUTOS = YES_AGGRESSIVE;
				GCC_WARN_UNUSED_FUNCTION = YES;
				GCC_WARN_UNUSED_VARIABLE = YES;
				IPHONEOS_DEPLOYMENT_TARGET = 17.0;
				LOCALIZATION_PREFERS_STRING_CATALOGS = YES;
				MTL_ENABLE_DEBUG_INFO = INCLUDE_SOURCE;
				MTL_FAST_MATH = YES;
				ONLY_ACTIVE_ARCH = YES;
				SDKROOT = iphoneos;
				SWIFT_ACTIVE_COMPILATION_CONDITIONS = "DEBUG $(inherited)";
				SWIFT_OPTIMIZATION_LEVEL = "-Onone";
			};
			name = Debug;
		};
		A42E309C2AD3CAFD0096D7DE /* Release */ = {
			isa = XCBuildConfiguration;
			buildSettings = {
				ALWAYS_SEARCH_USER_PATHS = NO;
				ASSETCATALOG_COMPILER_GENERATE_SWIFT_ASSET_SYMBOL_EXTENSIONS = YES;
				CLANG_ANALYZER_LOCALIZABILITY_NONLOCALIZED = YES;
				CLANG_ANALYZER_NONNULL = YES;
				CLANG_ANALYZER_NUMBER_OBJECT_CONVERSION = YES_AGGRESSIVE;
				CLANG_CXX_LANGUAGE_STANDARD = "gnu++20";
				CLANG_ENABLE_MODULES = YES;
				CLANG_ENABLE_OBJC_ARC = YES;
				CLANG_ENABLE_OBJC_WEAK = YES;
				CLANG_WARN_BLOCK_CAPTURE_AUTORELEASING = YES;
				CLANG_WARN_BOOL_CONVERSION = YES;
				CLANG_WARN_COMMA = YES;
				CLANG_WARN_CONSTANT_CONVERSION = YES;
				CLANG_WARN_DEPRECATED_OBJC_IMPLEMENTATIONS = YES;
				CLANG_WARN_DIRECT_OBJC_ISA_USAGE = YES_ERROR;
				CLANG_WARN_DOCUMENTATION_COMMENTS = YES;
				CLANG_WARN_EMPTY_BODY = YES;
				CLANG_WARN_ENUM_CONVERSION = YES;
				CLANG_WARN_INFINITE_RECURSION = YES;
				CLANG_WARN_INT_CONVERSION = YES;
				CLANG_WARN_NON_LITERAL_NULL_CONVERSION = YES;
				CLANG_WARN_OBJC_IMPLICIT_RETAIN_SELF = YES;
				CLANG_WARN_OBJC_LITERAL_CONVERSION = YES;
				CLANG_WARN_OBJC_ROOT_CLASS = YES_ERROR;
				CLANG_WARN_QUOTED_INCLUDE_IN_FRAMEWORK_HEADER = YES;
				CLANG_WARN_RANGE_LOOP_ANALYSIS = YES;
				CLANG_WARN_STRICT_PROTOTYPES = YES;
				CLANG_WARN_SUSPICIOUS_MOVE = YES;
				CLANG_WARN_UNGUARDED_AVAILABILITY = YES_AGGRESSIVE;
				CLANG_WARN_UNREACHABLE_CODE = YES;
				CLANG_WARN__DUPLICATE_METHOD_MATCH = YES;
				COPY_PHASE_STRIP = NO;
				DEBUG_INFORMATION_FORMAT = "dwarf-with-dsym";
				ENABLE_NS_ASSERTIONS = NO;
				ENABLE_STRICT_OBJC_MSGSEND = YES;
				ENABLE_USER_SCRIPT_SANDBOXING = YES;
				GCC_C_LANGUAGE_STANDARD = gnu17;
				GCC_NO_COMMON_BLOCKS = YES;
				GCC_WARN_64_TO_32_BIT_CONVERSION = YES;
				GCC_WARN_ABOUT_RETURN_TYPE = YES_ERROR;
				GCC_WARN_UNDECLARED_SELECTOR = YES;
				GCC_WARN_UNINITIALIZED_AUTOS = YES_AGGRESSIVE;
				GCC_WARN_UNUSED_FUNCTION = YES;
				GCC_WARN_UNUSED_VARIABLE = YES;
				IPHONEOS_DEPLOYMENT_TARGET = 17.0;
				LOCALIZATION_PREFERS_STRING_CATALOGS = YES;
				MTL_ENABLE_DEBUG_INFO = NO;
				MTL_FAST_MATH = YES;
				SDKROOT = iphoneos;
				SWIFT_COMPILATION_MODE = wholemodule;
				VALIDATE_PRODUCT = YES;
			};
			name = Release;
		};
		A42E309E2AD3CAFD0096D7DE /* Debug */ = {
			isa = XCBuildConfiguration;
			buildSettings = {
				ASSETCATALOG_COMPILER_APPICON_NAME = AppIcon;
				ASSETCATALOG_COMPILER_GLOBAL_ACCENT_COLOR_NAME = AccentColor;
				CODE_SIGN_STYLE = Automatic;
				CURRENT_PROJECT_VERSION = 1;
				DEVELOPMENT_TEAM = 8WAJ4W835K;
				GENERATE_INFOPLIST_FILE = YES;
				INFOPLIST_FILE = Odev3/Info.plist;
				INFOPLIST_KEY_CFBundleDisplayName = Login;
				INFOPLIST_KEY_UIApplicationSupportsIndirectInputEvents = YES;
				INFOPLIST_KEY_UILaunchStoryboardName = LaunchScreen;
				INFOPLIST_KEY_UIMainStoryboardFile = Main;
				INFOPLIST_KEY_UISupportedInterfaceOrientations_iPad = "UIInterfaceOrientationPortrait UIInterfaceOrientationPortraitUpsideDown UIInterfaceOrientationLandscapeLeft UIInterfaceOrientationLandscapeRight";
				INFOPLIST_KEY_UISupportedInterfaceOrientations_iPhone = "UIInterfaceOrientationPortrait UIInterfaceOrientationLandscapeLeft UIInterfaceOrientationLandscapeRight";
				LD_RUNPATH_SEARCH_PATHS = (
					"$(inherited)",
					"@executable_path/Frameworks",
				);
				MARKETING_VERSION = 1.0;
				PRODUCT_BUNDLE_IDENTIFIER = com.omercakar.Odev3;
				PRODUCT_NAME = "$(TARGET_NAME)";
				SWIFT_EMIT_LOC_STRINGS = YES;
				SWIFT_VERSION = 5.0;
				TARGETED_DEVICE_FAMILY = "1,2";
			};
			name = Debug;
		};
		A42E309F2AD3CAFD0096D7DE /* Release */ = {
			isa = XCBuildConfiguration;
			buildSettings = {
				ASSETCATALOG_COMPILER_APPICON_NAME = AppIcon;
				ASSETCATALOG_COMPILER_GLOBAL_ACCENT_COLOR_NAME = AccentColor;
				CODE_SIGN_STYLE = Automatic;
				CURRENT_PROJECT_VERSION = 1;
				DEVELOPMENT_TEAM = 8WAJ4W835K;
				GENERATE_INFOPLIST_FILE = YES;
				INFOPLIST_FILE = Odev3/Info.plist;
				INFOPLIST_KEY_CFBundleDisplayName = Login;
				INFOPLIST_KEY_UIApplicationSupportsIndirectInputEvents = YES;
				INFOPLIST_KEY_UILaunchStoryboardName = LaunchScreen;
				INFOPLIST_KEY_UIMainStoryboardFile = Main;
				INFOPLIST_KEY_UISupportedInterfaceOrientations_iPad = "UIInterfaceOrientationPortrait UIInterfaceOrientationPortraitUpsideDown UIInterfaceOrientationLandscapeLeft UIInterfaceOrientationLandscapeRight";
				INFOPLIST_KEY_UISupportedInterfaceOrientations_iPhone = "UIInterfaceOrientationPortrait UIInterfaceOrientationLandscapeLeft UIInterfaceOrientationLandscapeRight";
				LD_RUNPATH_SEARCH_PATHS = (
					"$(inherited)",
					"@executable_path/Frameworks",
				);
				MARKETING_VERSION = 1.0;
				PRODUCT_BUNDLE_IDENTIFIER = com.omercakar.Odev3;
				PRODUCT_NAME = "$(TARGET_NAME)";
				SWIFT_EMIT_LOC_STRINGS = YES;
				SWIFT_VERSION = 5.0;
				TARGETED_DEVICE_FAMILY = "1,2";
			};
			name = Release;
		};
/* End XCBuildConfiguration section */

/* Begin XCConfigurationList section */
		A42E30842AD3CAFC0096D7DE /* Build configuration list for PBXProject "Odev3" */ = {
			isa = XCConfigurationList;
			buildConfigurations = (
				A42E309B2AD3CAFD0096D7DE /* Debug */,
				A42E309C2AD3CAFD0096D7DE /* Release */,
			);
			defaultConfigurationIsVisible = 0;
			defaultConfigurationName = Release;
		};
		A42E309D2AD3CAFD0096D7DE /* Build configuration list for PBXNativeTarget "Odev3" */ = {
			isa = XCConfigurationList;
			buildConfigurations = (
				A42E309E2AD3CAFD0096D7DE /* Debug */,
				A42E309F2AD3CAFD0096D7DE /* Release */,
			);
			defaultConfigurationIsVisible = 0;
			defaultConfigurationName = Release;
		};
/* End XCConfigurationList section */
	};
	rootObject = A42E30812AD3CAFC0096D7DE /* Project object */;
}
